
Microsoft Visual Studio Solution File, Format Version 12.00
# Visual Studio Version 17
VisualStudioVersion = 17.6.33829.357
MinimumVisualStudioVersion = 10.0.40219.1
Project("{9A19103F-16F7-4668-BE54-9A1E7A4F7556}") = "SendMetricConsoleApp", "SendMetricConsoleApp\SendMetricConsoleApp.csproj", "{5BF86680-5F62-4042-9721-32D48EE48100}"
EndProject
Project("{FAE04EC0-301F-11D3-BF4B-00C04F79EFBC}") = "FuelAssistant.Vortex", "FuelAssistant.Vortex\FuelAssistant.Vortex.csproj", "{42D074C9-6339-401D-8A22-0FD0F4A21F36}"
EndProject
Global
	GlobalSection(SolutionConfigurationPlatforms) = preSolution
		Debug|Any CPU = Debug|Any CPU
		Release|Any CPU = Release|Any CPU
	EndGlobalSection
	GlobalSection(ProjectConfigurationPlatforms) = postSolution
		{5BF86680-5F62-4042-9721-32D48EE48100}.Debug|Any CPU.ActiveCfg = Debug|Any CPU
		{5BF86680-5F62-4042-9721-32D48EE48100}.Debug|Any CPU.Build.0 = Debug|Any CPU
		{5BF86680-5F62-4042-9721-32D48EE48100}.Release|Any CPU.ActiveCfg = Release|Any CPU
		{5BF86680-5F62-4042-9721-32D48EE48100}.Release|Any CPU.Build.0 = Release|Any CPU
		{42D074C9-6339-401D-8A22-0FD0F4A21F36}.Debug|Any CPU.ActiveCfg = Debug|Any CPU
		{42D074C9-6339-401D-8A22-0FD0F4A21F36}.Debug|Any CPU.Build.0 = Debug|Any CPU
		{42D074C9-6339-401D-8A22-0FD0F4A21F36}.Release|Any CPU.ActiveCfg = Release|Any CPU
		{42D074C9-6339-401D-8A22-0FD0F4A21F36}.Release|Any CPU.Build.0 = Release|Any CPU
	EndGlobalSection
	GlobalSection(SolutionProperties) = preSolution
		HideSolutionNode = FALSE
	EndGlobalSection
	GlobalSection(ExtensibilityGlobals) = postSolution
		SolutionGuid = {A40668DC-48DE-412E-B35D-24566CA53E8D}
	EndGlobalSection
EndGlobal
