
Microsoft Visual Studio Solution File, Format Version 12.00
# Visual Studio Version 17
VisualStudioVersion = 17.6.33829.357
MinimumVisualStudioVersion = 10.0.40219.1
Project("{9A19103F-16F7-4668-BE54-9A1E7A4F7556}") = "Fam.DataGathering.SimhubPlugin.WebApi", "Fam.DataGathering.SimhubPlugin.WebApi\Fam.DataGathering.SimhubPlugin.WebApi.csproj", "{D7163D5C-721D-4C1B-814F-4A67FCE8B3B5}"
EndProject
Global
	GlobalSection(SolutionConfigurationPlatforms) = preSolution
		Debug|Any CPU = Debug|Any CPU
		Release|Any CPU = Release|Any CPU
	EndGlobalSection
	GlobalSection(ProjectConfigurationPlatforms) = postSolution
		{D7163D5C-721D-4C1B-814F-4A67FCE8B3B5}.Debug|Any CPU.ActiveCfg = Debug|Any CPU
		{D7163D5C-721D-4C1B-814F-4A67FCE8B3B5}.Debug|Any CPU.Build.0 = Debug|Any CPU
		{D7163D5C-721D-4C1B-814F-4A67FCE8B3B5}.Release|Any CPU.ActiveCfg = Release|Any CPU
		{D7163D5C-721D-4C1B-814F-4A67FCE8B3B5}.Release|Any CPU.Build.0 = Release|Any CPU
	EndGlobalSection
	GlobalSection(SolutionProperties) = preSolution
		HideSolutionNode = FALSE
	EndGlobalSection
	GlobalSection(ExtensibilityGlobals) = postSolution
		SolutionGuid = {B0FD2099-F50A-4E48-B015-29F53883EAE8}
	EndGlobalSection
EndGlobal
